<Solution>
  <Project Path="samples/Maviray.Blazor.Components.Samples.Showcase.Client/Maviray.Blazor.Components.Samples.Showcase.Client.csproj" />
  <Project Path="samples/Maviray.Blazor.Components.Samples.Showcase/Maviray.Blazor.Components.Samples.Showcase.csproj" />
  <Project Path="src/Maviray.Balzor.Components.Material/Maviray.Balzor.Components.Material.csproj" Id="d041b8da-358b-4121-9e83-1c23cd754220" />
</Solution>
